// !$*UTF8*$!
{
	archiveVersion = 1;
	classes = {
	};
	objectVersion = 52;
	objects = {

/* Begin PBXBuildFile section */
		2905EC9F246B718E00E7AEBB /* AppDelegate.swift in Sources */ = {isa = PBXBuildFile; fileRef = 2905EC9E246B718E00E7AEBB /* AppDelegate.swift */; };
		2905ECA1246B718E00E7AEBB /* SceneDelegate.swift in Sources */ = {isa = PBXBuildFile; fileRef = 2905ECA0246B718E00E7AEBB /* SceneDelegate.swift */; };
		2905ECA6246B718F00E7AEBB /* Main.storyboard in Resources */ = {isa = PBXBuildFile; fileRef = 2905ECA4246B718F00E7AEBB /* Main.storyboard */; };
		2905ECA8246B719300E7AEBB /* Assets.xcassets in Resources */ = {isa = PBXBuildFile; fileRef = 2905ECA7246B719300E7AEBB /* Assets.xcassets */; };
		2905ECAB246B719300E7AEBB /* LaunchScreen.storyboard in Resources */ = {isa = PBXBuildFile; fileRef = 2905ECA9246B719300E7AEBB /* LaunchScreen.storyboard */; };
		2905ECB6246B719300E7AEBB /* NewsstandTests.swift in Sources */ = {isa = PBXBuildFile; fileRef = 2905ECB5246B719300E7AEBB /* NewsstandTests.swift */; };
		2905ECC1246B719300E7AEBB /* NewsstandUITests.swift in Sources */ = {isa = PBXBuildFile; fileRef = 2905ECC0246B719300E7AEBB /* NewsstandUITests.swift */; };
		2905ECF4246B722C00E7AEBB /* CreateSessionResponse.swift in Sources */ = {isa = PBXBuildFile; fileRef = 2905ECD0246B722A00E7AEBB /* CreateSessionResponse.swift */; };
		2905ED0A246B722C00E7AEBB /* APIClient.swift in Sources */ = {isa = PBXBuildFile; fileRef = 2905ECE9246B722B00E7AEBB /* APIClient.swift */; };
		2905ED0B246B722C00E7AEBB /* Encoder.swift in Sources */ = {isa = PBXBuildFile; fileRef = 2905ECEA246B722B00E7AEBB /* Encoder.swift */; };
		2905ED0C246B722C00E7AEBB /* Response.swift in Sources */ = {isa = PBXBuildFile; fileRef = 2905ECEB246B722B00E7AEBB /* Response.swift */; };
		2905ED0D246B722C00E7AEBB /* Request.swift in Sources */ = {isa = PBXBuildFile; fileRef = 2905ECEC246B722B00E7AEBB /* Request.swift */; };
		2905ED16246B736300E7AEBB /* Kingfisher in Frameworks */ = {isa = PBXBuildFile; productRef = 2905ED15246B736300E7AEBB /* Kingfisher */; };
		2905ED18246B78E400E7AEBB /* NewsStory.swift in Sources */ = {isa = PBXBuildFile; fileRef = 2905ED17246B78E400E7AEBB /* NewsStory.swift */; };
		2905ED21246BCE7E00E7AEBB /* NewsCell.swift in Sources */ = {isa = PBXBuildFile; fileRef = 2905ED1F246BCE7E00E7AEBB /* NewsCell.swift */; };
		2905ED22246BCE7E00E7AEBB /* NewsCell.xib in Resources */ = {isa = PBXBuildFile; fileRef = 2905ED20246BCE7E00E7AEBB /* NewsCell.xib */; };
		2905ED24246EB1A100E7AEBB /* ArticlesTableViewController.swift in Sources */ = {isa = PBXBuildFile; fileRef = 2905ED23246EB1A100E7AEBB /* ArticlesTableViewController.swift */; };
		2905ED27246EB32F00E7AEBB /* ArticleTableViewCell.swift in Sources */ = {isa = PBXBuildFile; fileRef = 2905ED25246EB32F00E7AEBB /* ArticleTableViewCell.swift */; };
		2905ED28246EB32F00E7AEBB /* ArticleTableViewCell.xib in Resources */ = {isa = PBXBuildFile; fileRef = 2905ED26246EB32F00E7AEBB /* ArticleTableViewCell.xib */; };
		2905ED2A246EBD8200E7AEBB /* CategoriesCollectionViewController.swift in Sources */ = {isa = PBXBuildFile; fileRef = 2905ED29246EBD8200E7AEBB /* CategoriesCollectionViewController.swift */; };
		2905ED2E246EC60300E7AEBB /* ArticleDetailViewController.swift in Sources */ = {isa = PBXBuildFile; fileRef = 2905ED2C246EC60300E7AEBB /* ArticleDetailViewController.swift */; };
		2905ED2F246EC60300E7AEBB /* ArticleDetailViewController.xib in Resources */ = {isa = PBXBuildFile; fileRef = 2905ED2D246EC60300E7AEBB /* ArticleDetailViewController.xib */; };
		2905ED33246ECC0400E7AEBB /* NewsSection.swift in Sources */ = {isa = PBXBuildFile; fileRef = 2905ED31246ECC0400E7AEBB /* NewsSection.swift */; };
/* End PBXBuildFile section */

/* Begin PBXContainerItemProxy section */
		2905ECB2246B719300E7AEBB /* PBXContainerItemProxy */ = {
			isa = PBXContainerItemProxy;
			containerPortal = 2905EC93246B718E00E7AEBB /* Project object */;
			proxyType = 1;
			remoteGlobalIDString = 2905EC9A246B718E00E7AEBB;
			remoteInfo = Newsstand;
		};
		2905ECBD246B719300E7AEBB /* PBXContainerItemProxy */ = {
			isa = PBXContainerItemProxy;
			containerPortal = 2905EC93246B718E00E7AEBB /* Project object */;
			proxyType = 1;
			remoteGlobalIDString = 2905EC9A246B718E00E7AEBB;
			remoteInfo = Newsstand;
		};
/* End PBXContainerItemProxy section */

/* Begin PBXFileReference section */
		2905EC9B246B718E00E7AEBB /* Newsstand.app */ = {isa = PBXFileReference; explicitFileType = wrapper.application; includeInIndex = 0; path = Newsstand.app; sourceTree = BUILT_PRODUCTS_DIR; };
		2905EC9E246B718E00E7AEBB /* AppDelegate.swift */ = {isa = PBXFileReference; lastKnownFileType = sourcecode.swift; path = AppDelegate.swift; sourceTree = "<group>"; };
		2905ECA0246B718E00E7AEBB /* SceneDelegate.swift */ = {isa = PBXFileReference; lastKnownFileType = sourcecode.swift; path = SceneDelegate.swift; sourceTree = "<group>"; };
		2905ECA5246B718F00E7AEBB /* Base */ = {isa = PBXFileReference; lastKnownFileType = file.storyboard; name = Base; path = Base.lproj/Main.storyboard; sourceTree = "<group>"; };
		2905ECA7246B719300E7AEBB /* Assets.xcassets */ = {isa = PBXFileReference; lastKnownFileType = folder.assetcatalog; path = Assets.xcassets; sourceTree = "<group>"; };
		2905ECAA246B719300E7AEBB /* Base */ = {isa = PBXFileReference; lastKnownFileType = file.storyboard; name = Base; path = Base.lproj/LaunchScreen.storyboard; sourceTree = "<group>"; };
		2905ECAC246B719300E7AEBB /* Info.plist */ = {isa = PBXFileReference; lastKnownFileType = text.plist.xml; path = Info.plist; sourceTree = "<group>"; };
		2905ECB1246B719300E7AEBB /* NewsstandTests.xctest */ = {isa = PBXFileReference; explicitFileType = wrapper.cfbundle; includeInIndex = 0; path = NewsstandTests.xctest; sourceTree = BUILT_PRODUCTS_DIR; };
		2905ECB5246B719300E7AEBB /* NewsstandTests.swift */ = {isa = PBXFileReference; lastKnownFileType = sourcecode.swift; path = NewsstandTests.swift; sourceTree = "<group>"; };
		2905ECB7246B719300E7AEBB /* Info.plist */ = {isa = PBXFileReference; lastKnownFileType = text.plist.xml; path = Info.plist; sourceTree = "<group>"; };
		2905ECBC246B719300E7AEBB /* NewsstandUITests.xctest */ = {isa = PBXFileReference; explicitFileType = wrapper.cfbundle; includeInIndex = 0; path = NewsstandUITests.xctest; sourceTree = BUILT_PRODUCTS_DIR; };
		2905ECC0246B719300E7AEBB /* NewsstandUITests.swift */ = {isa = PBXFileReference; lastKnownFileType = sourcecode.swift; path = NewsstandUITests.swift; sourceTree = "<group>"; };
		2905ECC2246B719300E7AEBB /* Info.plist */ = {isa = PBXFileReference; lastKnownFileType = text.plist.xml; path = Info.plist; sourceTree = "<group>"; };
		2905ECD0246B722A00E7AEBB /* CreateSessionResponse.swift */ = {isa = PBXFileReference; fileEncoding = 4; lastKnownFileType = sourcecode.swift; path = CreateSessionResponse.swift; sourceTree = "<group>"; };
		2905ECE9246B722B00E7AEBB /* APIClient.swift */ = {isa = PBXFileReference; fileEncoding = 4; lastKnownFileType = sourcecode.swift; path = APIClient.swift; sourceTree = "<group>"; };
		2905ECEA246B722B00E7AEBB /* Encoder.swift */ = {isa = PBXFileReference; fileEncoding = 4; lastKnownFileType = sourcecode.swift; path = Encoder.swift; sourceTree = "<group>"; };
		2905ECEB246B722B00E7AEBB /* Response.swift */ = {isa = PBXFileReference; fileEncoding = 4; lastKnownFileType = sourcecode.swift; path = Response.swift; sourceTree = "<group>"; };
		2905ECEC246B722B00E7AEBB /* Request.swift */ = {isa = PBXFileReference; fileEncoding = 4; lastKnownFileType = sourcecode.swift; path = Request.swift; sourceTree = "<group>"; };
		2905ED17246B78E400E7AEBB /* NewsStory.swift */ = {isa = PBXFileReference; lastKnownFileType = sourcecode.swift; path = NewsStory.swift; sourceTree = "<group>"; };
		2905ED1F246BCE7E00E7AEBB /* NewsCell.swift */ = {isa = PBXFileReference; lastKnownFileType = sourcecode.swift; path = NewsCell.swift; sourceTree = "<group>"; };
		2905ED20246BCE7E00E7AEBB /* NewsCell.xib */ = {isa = PBXFileReference; lastKnownFileType = file.xib; path = NewsCell.xib; sourceTree = "<group>"; };
		2905ED23246EB1A100E7AEBB /* ArticlesTableViewController.swift */ = {isa = PBXFileReference; lastKnownFileType = sourcecode.swift; path = ArticlesTableViewController.swift; sourceTree = "<group>"; };
		2905ED25246EB32F00E7AEBB /* ArticleTableViewCell.swift */ = {isa = PBXFileReference; lastKnownFileType = sourcecode.swift; path = ArticleTableViewCell.swift; sourceTree = "<group>"; };
		2905ED26246EB32F00E7AEBB /* ArticleTableViewCell.xib */ = {isa = PBXFileReference; lastKnownFileType = file.xib; path = ArticleTableViewCell.xib; sourceTree = "<group>"; };
		2905ED29246EBD8200E7AEBB /* CategoriesCollectionViewController.swift */ = {isa = PBXFileReference; lastKnownFileType = sourcecode.swift; path = CategoriesCollectionViewController.swift; sourceTree = "<group>"; };
		2905ED2C246EC60300E7AEBB /* ArticleDetailViewController.swift */ = {isa = PBXFileReference; lastKnownFileType = sourcecode.swift; path = ArticleDetailViewController.swift; sourceTree = "<group>"; };
		2905ED2D246EC60300E7AEBB /* ArticleDetailViewController.xib */ = {isa = PBXFileReference; lastKnownFileType = file.xib; path = ArticleDetailViewController.xib; sourceTree = "<group>"; };
		2905ED31246ECC0400E7AEBB /* NewsSection.swift */ = {isa = PBXFileReference; fileEncoding = 4; lastKnownFileType = sourcecode.swift; path = NewsSection.swift; sourceTree = "<group>"; };
/* End PBXFileReference section */

/* Begin PBXFrameworksBuildPhase section */
		2905EC98246B718E00E7AEBB /* Frameworks */ = {
			isa = PBXFrameworksBuildPhase;
			buildActionMask = 2147483647;
			files = (
				2905ED16246B736300E7AEBB /* Kingfisher in Frameworks */,
			);
			runOnlyForDeploymentPostprocessing = 0;
		};
		2905ECAE246B719300E7AEBB /* Frameworks */ = {
			isa = PBXFrameworksBuildPhase;
			buildActionMask = 2147483647;
			files = (
			);
			runOnlyForDeploymentPostprocessing = 0;
		};
		2905ECB9246B719300E7AEBB /* Frameworks */ = {
			isa = PBXFrameworksBuildPhase;
			buildActionMask = 2147483647;
			files = (
			);
			runOnlyForDeploymentPostprocessing = 0;
		};
/* End PBXFrameworksBuildPhase section */

/* Begin PBXGroup section */
		2905EC92246B718E00E7AEBB = {
			isa = PBXGroup;
			children = (
				2905EC9D246B718E00E7AEBB /* Newsstand */,
				2905ECB4246B719300E7AEBB /* NewsstandTests */,
				2905ECBF246B719300E7AEBB /* NewsstandUITests */,
				2905EC9C246B718E00E7AEBB /* Products */,
			);
			sourceTree = "<group>";
		};
		2905EC9C246B718E00E7AEBB /* Products */ = {
			isa = PBXGroup;
			children = (
				2905EC9B246B718E00E7AEBB /* Newsstand.app */,
				2905ECB1246B719300E7AEBB /* NewsstandTests.xctest */,
				2905ECBC246B719300E7AEBB /* NewsstandUITests.xctest */,
			);
			name = Products;
			sourceTree = "<group>";
		};
		2905EC9D246B718E00E7AEBB /* Newsstand */ = {
			isa = PBXGroup;
			children = (
				2905EC9E246B718E00E7AEBB /* AppDelegate.swift */,
				2905ECA0246B718E00E7AEBB /* SceneDelegate.swift */,
				2905ECDC246B722B00E7AEBB /* Cells */,
				2905ECD6246B722A00E7AEBB /* Controller */,
				2905ECCE246B722A00E7AEBB /* Model */,
				2905ED30246ECC0400E7AEBB /* Sections */,
				2905ECE8246B722B00E7AEBB /* Networking */,
				2905ECA4246B718F00E7AEBB /* Main.storyboard */,
				2905ECA7246B719300E7AEBB /* Assets.xcassets */,
				2905ECA9246B719300E7AEBB /* LaunchScreen.storyboard */,
				2905ECAC246B719300E7AEBB /* Info.plist */,
			);
			path = Newsstand;
			sourceTree = "<group>";
		};
		2905ECB4246B719300E7AEBB /* NewsstandTests */ = {
			isa = PBXGroup;
			children = (
				2905ECB5246B719300E7AEBB /* NewsstandTests.swift */,
				2905ECB7246B719300E7AEBB /* Info.plist */,
			);
			path = NewsstandTests;
			sourceTree = "<group>";
		};
		2905ECBF246B719300E7AEBB /* NewsstandUITests */ = {
			isa = PBXGroup;
			children = (
				2905ECC0246B719300E7AEBB /* NewsstandUITests.swift */,
				2905ECC2246B719300E7AEBB /* Info.plist */,
			);
			path = NewsstandUITests;
			sourceTree = "<group>";
		};
		2905ECCE246B722A00E7AEBB /* Model */ = {
			isa = PBXGroup;
			children = (
				2905ECD0246B722A00E7AEBB /* CreateSessionResponse.swift */,
				2905ED17246B78E400E7AEBB /* NewsStory.swift */,
			);
			path = Model;
			sourceTree = "<group>";
		};
		2905ECD6246B722A00E7AEBB /* Controller */ = {
			isa = PBXGroup;
			children = (
				2905ED29246EBD8200E7AEBB /* CategoriesCollectionViewController.swift */,
				2905ED23246EB1A100E7AEBB /* ArticlesTableViewController.swift */,
				2905ED2C246EC60300E7AEBB /* ArticleDetailViewController.swift */,
				2905ED2D246EC60300E7AEBB /* ArticleDetailViewController.xib */,
			);
			path = Controller;
			sourceTree = "<group>";
		};
		2905ECDC246B722B00E7AEBB /* Cells */ = {
			isa = PBXGroup;
			children = (
				2905ED1F246BCE7E00E7AEBB /* NewsCell.swift */,
				2905ED20246BCE7E00E7AEBB /* NewsCell.xib */,
				2905ED25246EB32F00E7AEBB /* ArticleTableViewCell.swift */,
				2905ED26246EB32F00E7AEBB /* ArticleTableViewCell.xib */,
			);
			path = Cells;
			sourceTree = "<group>";
		};
		2905ECE8246B722B00E7AEBB /* Networking */ = {
			isa = PBXGroup;
			children = (
				2905ECE9246B722B00E7AEBB /* APIClient.swift */,
				2905ECEA246B722B00E7AEBB /* Encoder.swift */,
				2905ECEB246B722B00E7AEBB /* Response.swift */,
				2905ECEC246B722B00E7AEBB /* Request.swift */,
			);
			path = Networking;
			sourceTree = "<group>";
		};
		2905ED30246ECC0400E7AEBB /* Sections */ = {
			isa = PBXGroup;
			children = (
				2905ED31246ECC0400E7AEBB /* NewsSection.swift */,
			);
			path = Sections;
			sourceTree = "<group>";
		};
/* End PBXGroup section */

/* Begin PBXNativeTarget section */
		2905EC9A246B718E00E7AEBB /* Newsstand */ = {
			isa = PBXNativeTarget;
			buildConfigurationList = 2905ECC5246B719300E7AEBB /* Build configuration list for PBXNativeTarget "Newsstand" */;
			buildPhases = (
				2905EC97246B718E00E7AEBB /* Sources */,
				2905EC98246B718E00E7AEBB /* Frameworks */,
				2905EC99246B718E00E7AEBB /* Resources */,
			);
			buildRules = (
			);
			dependencies = (
			);
			name = Newsstand;
			packageProductDependencies = (
				2905ED15246B736300E7AEBB /* Kingfisher */,
			);
			productName = Newsstand;
			productReference = 2905EC9B246B718E00E7AEBB /* Newsstand.app */;
			productType = "com.apple.product-type.application";
		};
		2905ECB0246B719300E7AEBB /* NewsstandTests */ = {
			isa = PBXNativeTarget;
			buildConfigurationList = 2905ECC8246B719300E7AEBB /* Build configuration list for PBXNativeTarget "NewsstandTests" */;
			buildPhases = (
				2905ECAD246B719300E7AEBB /* Sources */,
				2905ECAE246B719300E7AEBB /* Frameworks */,
				2905ECAF246B719300E7AEBB /* Resources */,
			);
			buildRules = (
			);
			dependencies = (
				2905ECB3246B719300E7AEBB /* PBXTargetDependency */,
			);
			name = NewsstandTests;
			productName = NewsstandTests;
			productReference = 2905ECB1246B719300E7AEBB /* NewsstandTests.xctest */;
			productType = "com.apple.product-type.bundle.unit-test";
		};
		2905ECBB246B719300E7AEBB /* NewsstandUITests */ = {
			isa = PBXNativeTarget;
			buildConfigurationList = 2905ECCB246B719300E7AEBB /* Build configuration list for PBXNativeTarget "NewsstandUITests" */;
			buildPhases = (
				2905ECB8246B719300E7AEBB /* Sources */,
				2905ECB9246B719300E7AEBB /* Frameworks */,
				2905ECBA246B719300E7AEBB /* Resources */,
			);
			buildRules = (
			);
			dependencies = (
				2905ECBE246B719300E7AEBB /* PBXTargetDependency */,
			);
			name = NewsstandUITests;
			productName = NewsstandUITests;
			productReference = 2905ECBC246B719300E7AEBB /* NewsstandUITests.xctest */;
			productType = "com.apple.product-type.bundle.ui-testing";
		};
/* End PBXNativeTarget section */

/* Begin PBXProject section */
		2905EC93246B718E00E7AEBB /* Project object */ = {
			isa = PBXProject;
			attributes = {
				LastSwiftUpdateCheck = 1130;
				LastUpgradeCheck = 1130;
				ORGANIZATIONNAME = "Angelina Olmedo";
				TargetAttributes = {
					2905EC9A246B718E00E7AEBB = {
						CreatedOnToolsVersion = 11.3.1;
					};
					2905ECB0246B719300E7AEBB = {
						CreatedOnToolsVersion = 11.3.1;
						TestTargetID = 2905EC9A246B718E00E7AEBB;
					};
					2905ECBB246B719300E7AEBB = {
						CreatedOnToolsVersion = 11.3.1;
						TestTargetID = 2905EC9A246B718E00E7AEBB;
					};
				};
			};
			buildConfigurationList = 2905EC96246B718E00E7AEBB /* Build configuration list for PBXProject "Newsstand" */;
			compatibilityVersion = "Xcode 9.3";
			developmentRegion = en;
			hasScannedForEncodings = 0;
			knownRegions = (
				en,
				Base,
			);
			mainGroup = 2905EC92246B718E00E7AEBB;
			packageReferences = (
				2905ED14246B736300E7AEBB /* XCRemoteSwiftPackageReference "Kingfisher" */,
			);
			productRefGroup = 2905EC9C246B718E00E7AEBB /* Products */;
			projectDirPath = "";
			projectRoot = "";
			targets = (
				2905EC9A246B718E00E7AEBB /* Newsstand */,
				2905ECB0246B719300E7AEBB /* NewsstandTests */,
				2905ECBB246B719300E7AEBB /* NewsstandUITests */,
			);
		};
/* End PBXProject section */

/* Begin PBXResourcesBuildPhase section */
		2905EC99246B718E00E7AEBB /* Resources */ = {
			isa = PBXResourcesBuildPhase;
			buildActionMask = 2147483647;
			files = (
				2905ED2F246EC60300E7AEBB /* ArticleDetailViewController.xib in Resources */,
				2905ED22246BCE7E00E7AEBB /* NewsCell.xib in Resources */,
				2905ECAB246B719300E7AEBB /* LaunchScreen.storyboard in Resources */,
				2905ECA8246B719300E7AEBB /* Assets.xcassets in Resources */,
				2905ED28246EB32F00E7AEBB /* ArticleTableViewCell.xib in Resources */,
				2905ECA6246B718F00E7AEBB /* Main.storyboard in Resources */,
			);
			runOnlyForDeploymentPostprocessing = 0;
		};
		2905ECAF246B719300E7AEBB /* Resources */ = {
			isa = PBXResourcesBuildPhase;
			buildActionMask = 2147483647;
			files = (
			);
			runOnlyForDeploymentPostprocessing = 0;
		};
		2905ECBA246B719300E7AEBB /* Resources */ = {
			isa = PBXResourcesBuildPhase;
			buildActionMask = 2147483647;
			files = (
			);
			runOnlyForDeploymentPostprocessing = 0;
		};
/* End PBXResourcesBuildPhase section */

/* Begin PBXSourcesBuildPhase section */
		2905EC97246B718E00E7AEBB /* Sources */ = {
			isa = PBXSourcesBuildPhase;
			buildActionMask = 2147483647;
			files = (
				2905ED2A246EBD8200E7AEBB /* CategoriesCollectionViewController.swift in Sources */,
				2905ED0D246B722C00E7AEBB /* Request.swift in Sources */,
				2905ED33246ECC0400E7AEBB /* NewsSection.swift in Sources */,
				2905ED2E246EC60300E7AEBB /* ArticleDetailViewController.swift in Sources */,
				2905ED24246EB1A100E7AEBB /* ArticlesTableViewController.swift in Sources */,
				2905ED0B246B722C00E7AEBB /* Encoder.swift in Sources */,
				2905ED18246B78E400E7AEBB /* NewsStory.swift in Sources */,
				2905ECF4246B722C00E7AEBB /* CreateSessionResponse.swift in Sources */,
				2905EC9F246B718E00E7AEBB /* AppDelegate.swift in Sources */,
				2905ED27246EB32F00E7AEBB /* ArticleTableViewCell.swift in Sources */,
				2905ECA1246B718E00E7AEBB /* SceneDelegate.swift in Sources */,
				2905ED21246BCE7E00E7AEBB /* NewsCell.swift in Sources */,
				2905ED0A246B722C00E7AEBB /* APIClient.swift in Sources */,
				2905ED0C246B722C00E7AEBB /* Response.swift in Sources */,
			);
			runOnlyForDeploymentPostprocessing = 0;
		};
		2905ECAD246B719300E7AEBB /* Sources */ = {
			isa = PBXSourcesBuildPhase;
			buildActionMask = 2147483647;
			files = (
				2905ECB6246B719300E7AEBB /* NewsstandTests.swift in Sources */,
			);
			runOnlyForDeploymentPostprocessing = 0;
		};
		2905ECB8246B719300E7AEBB /* Sources */ = {
			isa = PBXSourcesBuildPhase;
			buildActionMask = 2147483647;
			files = (
				2905ECC1246B719300E7AEBB /* NewsstandUITests.swift in Sources */,
			);
			runOnlyForDeploymentPostprocessing = 0;
		};
/* End PBXSourcesBuildPhase section */

/* Begin PBXTargetDependency section */
		2905ECB3246B719300E7AEBB /* PBXTargetDependency */ = {
			isa = PBXTargetDependency;
			target = 2905EC9A246B718E00E7AEBB /* Newsstand */;
			targetProxy = 2905ECB2246B719300E7AEBB /* PBXContainerItemProxy */;
		};
		2905ECBE246B719300E7AEBB /* PBXTargetDependency */ = {
			isa = PBXTargetDependency;
			target = 2905EC9A246B718E00E7AEBB /* Newsstand */;
			targetProxy = 2905ECBD246B719300E7AEBB /* PBXContainerItemProxy */;
		};
/* End PBXTargetDependency section */

/* Begin PBXVariantGroup section */
		2905ECA4246B718F00E7AEBB /* Main.storyboard */ = {
			isa = PBXVariantGroup;
			children = (
				2905ECA5246B718F00E7AEBB /* Base */,
			);
			name = Main.storyboard;
			sourceTree = "<group>";
		};
		2905ECA9246B719300E7AEBB /* LaunchScreen.storyboard */ = {
			isa = PBXVariantGroup;
			children = (
				2905ECAA246B719300E7AEBB /* Base */,
			);
			name = LaunchScreen.storyboard;
			sourceTree = "<group>";
		};
/* End PBXVariantGroup section */

/* Begin XCBuildConfiguration section */
		2905ECC3246B719300E7AEBB /* Debug */ = {
			isa = XCBuildConfiguration;
			buildSettings = {
				ALWAYS_SEARCH_USER_PATHS = NO;
				CLANG_ANALYZER_NONNULL = YES;
				CLANG_ANALYZER_NUMBER_OBJECT_CONVERSION = YES_AGGRESSIVE;
				CLANG_CXX_LANGUAGE_STANDARD = "gnu++14";
				CLANG_CXX_LIBRARY = "libc++";
				CLANG_ENABLE_MODULES = YES;
				CLANG_ENABLE_OBJC_ARC = YES;
				CLANG_ENABLE_OBJC_WEAK = YES;
				CLANG_WARN_BLOCK_CAPTURE_AUTORELEASING = YES;
				CLANG_WARN_BOOL_CONVERSION = YES;
				CLANG_WARN_COMMA = YES;
				CLANG_WARN_CONSTANT_CONVERSION = YES;
				CLANG_WARN_DEPRECATED_OBJC_IMPLEMENTATIONS = YES;
				CLANG_WARN_DIRECT_OBJC_ISA_USAGE = YES_ERROR;
				CLANG_WARN_DOCUMENTATION_COMMENTS = YES;
				CLANG_WARN_EMPTY_BODY = YES;
				CLANG_WARN_ENUM_CONVERSION = YES;
				CLANG_WARN_INFINITE_RECURSION = YES;
				CLANG_WARN_INT_CONVERSION = YES;
				CLANG_WARN_NON_LITERAL_NULL_CONVERSION = YES;
				CLANG_WARN_OBJC_IMPLICIT_RETAIN_SELF = YES;
				CLANG_WARN_OBJC_LITERAL_CONVERSION = YES;
				CLANG_WARN_OBJC_ROOT_CLASS = YES_ERROR;
				CLANG_WARN_RANGE_LOOP_ANALYSIS = YES;
				CLANG_WARN_STRICT_PROTOTYPES = YES;
				CLANG_WARN_SUSPICIOUS_MOVE = YES;
				CLANG_WARN_UNGUARDED_AVAILABILITY = YES_AGGRESSIVE;
				CLANG_WARN_UNREACHABLE_CODE = YES;
				CLANG_WARN__DUPLICATE_METHOD_MATCH = YES;
				COPY_PHASE_STRIP = NO;
				DEBUG_INFORMATION_FORMAT = dwarf;
				ENABLE_STRICT_OBJC_MSGSEND = YES;
				ENABLE_TESTABILITY = YES;
				GCC_C_LANGUAGE_STANDARD = gnu11;
				GCC_DYNAMIC_NO_PIC = NO;
				GCC_NO_COMMON_BLOCKS = YES;
				GCC_OPTIMIZATION_LEVEL = 0;
				GCC_PREPROCESSOR_DEFINITIONS = (
					"DEBUG=1",
					"$(inherited)",
				);
				GCC_WARN_64_TO_32_BIT_CONVERSION = YES;
				GCC_WARN_ABOUT_RETURN_TYPE = YES_ERROR;
				GCC_WARN_UNDECLARED_SELECTOR = YES;
				GCC_WARN_UNINITIALIZED_AUTOS = YES_AGGRESSIVE;
				GCC_WARN_UNUSED_FUNCTION = YES;
				GCC_WARN_UNUSED_VARIABLE = YES;
				IPHONEOS_DEPLOYMENT_TARGET = 13.2;
				MTL_ENABLE_DEBUG_INFO = INCLUDE_SOURCE;
				MTL_FAST_MATH = YES;
				ONLY_ACTIVE_ARCH = YES;
				SDKROOT = iphoneos;
				SWIFT_ACTIVE_COMPILATION_CONDITIONS = DEBUG;
				SWIFT_OPTIMIZATION_LEVEL = "-Onone";
			};
			name = Debug;
		};
		2905ECC4246B719300E7AEBB /* Release */ = {
			isa = XCBuildConfiguration;
			buildSettings = {
				ALWAYS_SEARCH_USER_PATHS = NO;
				CLANG_ANALYZER_NONNULL = YES;
				CLANG_ANALYZER_NUMBER_OBJECT_CONVERSION = YES_AGGRESSIVE;
				CLANG_CXX_LANGUAGE_STANDARD = "gnu++14";
				CLANG_CXX_LIBRARY = "libc++";
				CLANG_ENABLE_MODULES = YES;
				CLANG_ENABLE_OBJC_ARC = YES;
				CLANG_ENABLE_OBJC_WEAK = YES;
				CLANG_WARN_BLOCK_CAPTURE_AUTORELEASING = YES;
				CLANG_WARN_BOOL_CONVERSION = YES;
				CLANG_WARN_COMMA = YES;
				CLANG_WARN_CONSTANT_CONVERSION = YES;
				CLANG_WARN_DEPRECATED_OBJC_IMPLEMENTATIONS = YES;
				CLANG_WARN_DIRECT_OBJC_ISA_USAGE = YES_ERROR;
				CLANG_WARN_DOCUMENTATION_COMMENTS = YES;
				CLANG_WARN_EMPTY_BODY = YES;
				CLANG_WARN_ENUM_CONVERSION = YES;
				CLANG_WARN_INFINITE_RECURSION = YES;
				CLANG_WARN_INT_CONVERSION = YES;
				CLANG_WARN_NON_LITERAL_NULL_CONVERSION = YES;
				CLANG_WARN_OBJC_IMPLICIT_RETAIN_SELF = YES;
				CLANG_WARN_OBJC_LITERAL_CONVERSION = YES;
				CLANG_WARN_OBJC_ROOT_CLASS = YES_ERROR;
				CLANG_WARN_RANGE_LOOP_ANALYSIS = YES;
				CLANG_WARN_STRICT_PROTOTYPES = YES;
				CLANG_WARN_SUSPICIOUS_MOVE = YES;
				CLANG_WARN_UNGUARDED_AVAILABILITY = YES_AGGRESSIVE;
				CLANG_WARN_UNREACHABLE_CODE = YES;
				CLANG_WARN__DUPLICATE_METHOD_MATCH = YES;
				COPY_PHASE_STRIP = NO;
				DEBUG_INFORMATION_FORMAT = "dwarf-with-dsym";
				ENABLE_NS_ASSERTIONS = NO;
				ENABLE_STRICT_OBJC_MSGSEND = YES;
				GCC_C_LANGUAGE_STANDARD = gnu11;
				GCC_NO_COMMON_BLOCKS = YES;
				GCC_WARN_64_TO_32_BIT_CONVERSION = YES;
				GCC_WARN_ABOUT_RETURN_TYPE = YES_ERROR;
				GCC_WARN_UNDECLARED_SELECTOR = YES;
				GCC_WARN_UNINITIALIZED_AUTOS = YES_AGGRESSIVE;
				GCC_WARN_UNUSED_FUNCTION = YES;
				GCC_WARN_UNUSED_VARIABLE = YES;
				IPHONEOS_DEPLOYMENT_TARGET = 13.2;
				MTL_ENABLE_DEBUG_INFO = NO;
				MTL_FAST_MATH = YES;
				SDKROOT = iphoneos;
				SWIFT_COMPILATION_MODE = wholemodule;
				SWIFT_OPTIMIZATION_LEVEL = "-O";
				VALIDATE_PRODUCT = YES;
			};
			name = Release;
		};
		2905ECC6246B719300E7AEBB /* Debug */ = {
			isa = XCBuildConfiguration;
			buildSettings = {
				ASSETCATALOG_COMPILER_APPICON_NAME = AppIcon;
				CODE_SIGN_STYLE = Automatic;
				DEVELOPMENT_TEAM = U774TM88M6;
				INFOPLIST_FILE = Newsstand/Info.plist;
				LD_RUNPATH_SEARCH_PATHS = (
					"$(inherited)",
					"@executable_path/Frameworks",
				);
				PRODUCT_BUNDLE_IDENTIFIER = com.makeschool.Newsstand;
				PRODUCT_NAME = "$(TARGET_NAME)";
				SWIFT_VERSION = 5.0;
				TARGETED_DEVICE_FAMILY = "1,2";
			};
			name = Debug;
		};
		2905ECC7246B719300E7AEBB /* Release */ = {
			isa = XCBuildConfiguration;
			buildSettings = {
				ASSETCATALOG_COMPILER_APPICON_NAME = AppIcon;
				CODE_SIGN_STYLE = Automatic;
				DEVELOPMENT_TEAM = U774TM88M6;
				INFOPLIST_FILE = Newsstand/Info.plist;
				LD_RUNPATH_SEARCH_PATHS = (
					"$(inherited)",
					"@executable_path/Frameworks",
				);
				PRODUCT_BUNDLE_IDENTIFIER = com.makeschool.Newsstand;
				PRODUCT_NAME = "$(TARGET_NAME)";
				SWIFT_VERSION = 5.0;
				TARGETED_DEVICE_FAMILY = "1,2";
			};
			name = Release;
		};
		2905ECC9246B719300E7AEBB /* Debug */ = {
			isa = XCBuildConfiguration;
			buildSettings = {
				ALWAYS_EMBED_SWIFT_STANDARD_LIBRARIES = YES;
				BUNDLE_LOADER = "$(TEST_HOST)";
				CODE_SIGN_STYLE = Automatic;
				DEVELOPMENT_TEAM = U774TM88M6;
				INFOPLIST_FILE = NewsstandTests/Info.plist;
				IPHONEOS_DEPLOYMENT_TARGET = 13.2;
				LD_RUNPATH_SEARCH_PATHS = (
					"$(inherited)",
					"@executable_path/Frameworks",
					"@loader_path/Frameworks",
				);
				PRODUCT_BUNDLE_IDENTIFIER = com.makeschool.NewsstandTests;
				PRODUCT_NAME = "$(TARGET_NAME)";
				SWIFT_VERSION = 5.0;
				TARGETED_DEVICE_FAMILY = "1,2";
				TEST_HOST = "$(BUILT_PRODUCTS_DIR)/Newsstand.app/Newsstand";
			};
			name = Debug;
		};
		2905ECCA246B719300E7AEBB /* Release */ = {
			isa = XCBuildConfiguration;
			buildSettings = {
				ALWAYS_EMBED_SWIFT_STANDARD_LIBRARIES = YES;
				BUNDLE_LOADER = "$(TEST_HOST)";
				CODE_SIGN_STYLE = Automatic;
				DEVELOPMENT_TEAM = U774TM88M6;
				INFOPLIST_FILE = NewsstandTests/Info.plist;
				IPHONEOS_DEPLOYMENT_TARGET = 13.2;
				LD_RUNPATH_SEARCH_PATHS = (
					"$(inherited)",
					"@executable_path/Frameworks",
					"@loader_path/Frameworks",
				);
				PRODUCT_BUNDLE_IDENTIFIER = com.makeschool.NewsstandTests;
				PRODUCT_NAME = "$(TARGET_NAME)";
				SWIFT_VERSION = 5.0;
				TARGETED_DEVICE_FAMILY = "1,2";
				TEST_HOST = "$(BUILT_PRODUCTS_DIR)/Newsstand.app/Newsstand";
			};
			name = Release;
		};
		2905ECCC246B719300E7AEBB /* Debug */ = {
			isa = XCBuildConfiguration;
			buildSettings = {
				ALWAYS_EMBED_SWIFT_STANDARD_LIBRARIES = YES;
				CODE_SIGN_STYLE = Automatic;
				DEVELOPMENT_TEAM = U774TM88M6;
				INFOPLIST_FILE = NewsstandUITests/Info.plist;
				LD_RUNPATH_SEARCH_PATHS = (
					"$(inherited)",
					"@executable_path/Frameworks",
					"@loader_path/Frameworks",
				);
				PRODUCT_BUNDLE_IDENTIFIER = com.makeschool.NewsstandUITests;
				PRODUCT_NAME = "$(TARGET_NAME)";
				SWIFT_VERSION = 5.0;
				TARGETED_DEVICE_FAMILY = "1,2";
				TEST_TARGET_NAME = Newsstand;
			};
			name = Debug;
		};
		2905ECCD246B719300E7AEBB /* Release */ = {
			isa = XCBuildConfiguration;
			buildSettings = {
				ALWAYS_EMBED_SWIFT_STANDARD_LIBRARIES = YES;
				CODE_SIGN_STYLE = Automatic;
				DEVELOPMENT_TEAM = U774TM88M6;
				INFOPLIST_FILE = NewsstandUITests/Info.plist;
				LD_RUNPATH_SEARCH_PATHS = (
					"$(inherited)",
					"@executable_path/Frameworks",
					"@loader_path/Frameworks",
				);
				PRODUCT_BUNDLE_IDENTIFIER = com.makeschool.NewsstandUITests;
				PRODUCT_NAME = "$(TARGET_NAME)";
				SWIFT_VERSION = 5.0;
				TARGETED_DEVICE_FAMILY = "1,2";
				TEST_TARGET_NAME = Newsstand;
			};
			name = Release;
		};
/* End XCBuildConfiguration section */

/* Begin XCConfigurationList section */
		2905EC96246B718E00E7AEBB /* Build configuration list for PBXProject "Newsstand" */ = {
			isa = XCConfigurationList;
			buildConfigurations = (
				2905ECC3246B719300E7AEBB /* Debug */,
				2905ECC4246B719300E7AEBB /* Release */,
			);
			defaultConfigurationIsVisible = 0;
			defaultConfigurationName = Release;
		};
		2905ECC5246B719300E7AEBB /* Build configuration list for PBXNativeTarget "Newsstand" */ = {
			isa = XCConfigurationList;
			buildConfigurations = (
				2905ECC6246B719300E7AEBB /* Debug */,
				2905ECC7246B719300E7AEBB /* Release */,
			);
			defaultConfigurationIsVisible = 0;
			defaultConfigurationName = Release;
		};
		2905ECC8246B719300E7AEBB /* Build configuration list for PBXNativeTarget "NewsstandTests" */ = {
			isa = XCConfigurationList;
			buildConfigurations = (
				2905ECC9246B719300E7AEBB /* Debug */,
				2905ECCA246B719300E7AEBB /* Release */,
			);
			defaultConfigurationIsVisible = 0;
			defaultConfigurationName = Release;
		};
		2905ECCB246B719300E7AEBB /* Build configuration list for PBXNativeTarget "NewsstandUITests" */ = {
			isa = XCConfigurationList;
			buildConfigurations = (
				2905ECCC246B719300E7AEBB /* Debug */,
				2905ECCD246B719300E7AEBB /* Release */,
			);
			defaultConfigurationIsVisible = 0;
			defaultConfigurationName = Release;
		};
/* End XCConfigurationList section */

/* Begin XCRemoteSwiftPackageReference section */
		2905ED14246B736300E7AEBB /* XCRemoteSwiftPackageReference "Kingfisher" */ = {
			isa = XCRemoteSwiftPackageReference;
			repositoryURL = "https://github.com/onevcat/Kingfisher.git";
			requirement = {
				kind = upToNextMajorVersion;
				minimumVersion = 5.14.0;
			};
		};
/* End XCRemoteSwiftPackageReference section */

/* Begin XCSwiftPackageProductDependency section */
		2905ED15246B736300E7AEBB /* Kingfisher */ = {
			isa = XCSwiftPackageProductDependency;
			package = 2905ED14246B736300E7AEBB /* XCRemoteSwiftPackageReference "Kingfisher" */;
			productName = Kingfisher;
		};
/* End XCSwiftPackageProductDependency section */
	};
	rootObject = 2905EC93246B718E00E7AEBB /* Project object */;
}
